
Microsoft Visual Studio Solution File, Format Version 12.00
# Visual Studio 2012
Project("{FAE04EC0-301F-11D3-BF4B-00C04F79EFBC}") = "ArrayReference", "ArrayReference\ArrayReference.csproj", "{11510B9D-11B9-493D-91B4-58E42E3ADC14}"
EndProject
Global
	GlobalSection(SolutionConfigurationPlatforms) = preSolution
		Debug|Any CPU = Debug|Any CPU
		Release|Any CPU = Release|Any CPU
	EndGlobalSection
	GlobalSection(ProjectConfigurationPlatforms) = postSolution
		{11510B9D-11B9-493D-91B4-58E42E3ADC14}.Debug|Any CPU.ActiveCfg = Debug|Any CPU
		{11510B9D-11B9-493D-91B4-58E42E3ADC14}.Debug|Any CPU.Build.0 = Debug|Any CPU
		{11510B9D-11B9-493D-91B4-58E42E3ADC14}.Release|Any CPU.ActiveCfg = Release|Any CPU
		{11510B9D-11B9-493D-91B4-58E42E3ADC14}.Release|Any CPU.Build.0 = Release|Any CPU
	EndGlobalSection
	GlobalSection(SolutionProperties) = preSolution
		HideSolutionNode = FALSE
	EndGlobalSection
EndGlobal
