
Microsoft Visual Studio Solution File, Format Version 12.00
# Visual Studio 2012
Project("{FAE04EC0-301F-11D3-BF4B-00C04F79EFBC}") = "CaseStudyStep6", "CaseStudyStep6\CaseStudyStep6.csproj", "{5142C9D5-22B8-429B-A0B6-622A7D57C1C6}"
EndProject
Global
	GlobalSection(SolutionConfigurationPlatforms) = preSolution
		Debug|Any CPU = Debug|Any CPU
		Release|Any CPU = Release|Any CPU
	EndGlobalSection
	GlobalSection(ProjectConfigurationPlatforms) = postSolution
		{5142C9D5-22B8-429B-A0B6-622A7D57C1C6}.Debug|Any CPU.ActiveCfg = Debug|Any CPU
		{5142C9D5-22B8-429B-A0B6-622A7D57C1C6}.Debug|Any CPU.Build.0 = Debug|Any CPU
		{5142C9D5-22B8-429B-A0B6-622A7D57C1C6}.Release|Any CPU.ActiveCfg = Release|Any CPU
		{5142C9D5-22B8-429B-A0B6-622A7D57C1C6}.Release|Any CPU.Build.0 = Release|Any CPU
	EndGlobalSection
	GlobalSection(SolutionProperties) = preSolution
		HideSolutionNode = FALSE
	EndGlobalSection
EndGlobal
